
Microsoft Visual Studio Solution File, Format Version 11.00
# Visual Studio 2010
Project("{FAE04EC0-301F-11D3-BF4B-00C04F79EFBC}") = "Test", "Test\Test.csproj", "{10FA3FD3-4024-496B-BCC5-1775C553D7DD}"
EndProject
Project("{FAE04EC0-301F-11D3-BF4B-00C04F79EFBC}") = "Service", "Service\Service.csproj", "{226F4791-220F-4680-ADF7-F5ED691E8B2F}"
EndProject
Project("{FAE04EC0-301F-11D3-BF4B-00C04F79EFBC}") = "Client", "Client\Client.csproj", "{5DDC43F4-2C0B-4949-8CD5-C85EA4E5784A}"
EndProject
Global
	GlobalSection(SolutionConfigurationPlatforms) = preSolution
		Debug|Any CPU = Debug|Any CPU
		Production|Any CPU = Production|Any CPU
		Release|Any CPU = Release|Any CPU
		Test|Any CPU = Test|Any CPU
	EndGlobalSection
	GlobalSection(ProjectConfigurationPlatforms) = postSolution
		{10FA3FD3-4024-496B-BCC5-1775C553D7DD}.Debug|Any CPU.ActiveCfg = Debug|Any CPU
		{10FA3FD3-4024-496B-BCC5-1775C553D7DD}.Debug|Any CPU.Build.0 = Debug|Any CPU
		{10FA3FD3-4024-496B-BCC5-1775C553D7DD}.Production|Any CPU.ActiveCfg = Production|Any CPU
		{10FA3FD3-4024-496B-BCC5-1775C553D7DD}.Production|Any CPU.Build.0 = Production|Any CPU
		{10FA3FD3-4024-496B-BCC5-1775C553D7DD}.Release|Any CPU.ActiveCfg = Release|Any CPU
		{10FA3FD3-4024-496B-BCC5-1775C553D7DD}.Release|Any CPU.Build.0 = Release|Any CPU
		{10FA3FD3-4024-496B-BCC5-1775C553D7DD}.Test|Any CPU.ActiveCfg = Test|Any CPU
		{226F4791-220F-4680-ADF7-F5ED691E8B2F}.Debug|Any CPU.ActiveCfg = Debug|Any CPU
		{226F4791-220F-4680-ADF7-F5ED691E8B2F}.Debug|Any CPU.Build.0 = Debug|Any CPU
		{226F4791-220F-4680-ADF7-F5ED691E8B2F}.Production|Any CPU.ActiveCfg = Production|Any CPU
		{226F4791-220F-4680-ADF7-F5ED691E8B2F}.Production|Any CPU.Build.0 = Production|Any CPU
		{226F4791-220F-4680-ADF7-F5ED691E8B2F}.Release|Any CPU.ActiveCfg = Release|Any CPU
		{226F4791-220F-4680-ADF7-F5ED691E8B2F}.Release|Any CPU.Build.0 = Release|Any CPU
		{226F4791-220F-4680-ADF7-F5ED691E8B2F}.Test|Any CPU.ActiveCfg = Test|Any CPU
		{226F4791-220F-4680-ADF7-F5ED691E8B2F}.Test|Any CPU.Build.0 = Test|Any CPU
		{5DDC43F4-2C0B-4949-8CD5-C85EA4E5784A}.Debug|Any CPU.ActiveCfg = Production|Any CPU
		{5DDC43F4-2C0B-4949-8CD5-C85EA4E5784A}.Debug|Any CPU.Build.0 = Production|Any CPU
		{5DDC43F4-2C0B-4949-8CD5-C85EA4E5784A}.Production|Any CPU.ActiveCfg = Production|Any CPU
		{5DDC43F4-2C0B-4949-8CD5-C85EA4E5784A}.Production|Any CPU.Build.0 = Production|Any CPU
		{5DDC43F4-2C0B-4949-8CD5-C85EA4E5784A}.Release|Any CPU.ActiveCfg = Production|Any CPU
		{5DDC43F4-2C0B-4949-8CD5-C85EA4E5784A}.Release|Any CPU.Build.0 = Production|Any CPU
		{5DDC43F4-2C0B-4949-8CD5-C85EA4E5784A}.Test|Any CPU.ActiveCfg = Test|Any CPU
		{5DDC43F4-2C0B-4949-8CD5-C85EA4E5784A}.Test|Any CPU.Build.0 = Test|Any CPU
	EndGlobalSection
	GlobalSection(SolutionProperties) = preSolution
		HideSolutionNode = FALSE
	EndGlobalSection
EndGlobal
